
Microsoft Visual Studio Solution File, Format Version 12.00
# Visual Studio Version 17
VisualStudioVersion = 17.14.36518.9 d17.14
MinimumVisualStudioVersion = 10.0.40219.1
Project("{FAE04EC0-301F-11D3-BF4B-00C04F79EFBC}") = "Exercicio", "Exercicio\Exercicio.csproj", "{A2F1854A-30F4-4B42-AA8E-F300597C5B86}"
EndProject
Global
	GlobalSection(SolutionConfigurationPlatforms) = preSolution
		Debug|Any CPU = Debug|Any CPU
		Release|Any CPU = Release|Any CPU
	EndGlobalSection
	GlobalSection(ProjectConfigurationPlatforms) = postSolution
		{A2F1854A-30F4-4B42-AA8E-F300597C5B86}.Debug|Any CPU.ActiveCfg = Debug|Any CPU
		{A2F1854A-30F4-4B42-AA8E-F300597C5B86}.Debug|Any CPU.Build.0 = Debug|Any CPU
		{A2F1854A-30F4-4B42-AA8E-F300597C5B86}.Release|Any CPU.ActiveCfg = Release|Any CPU
		{A2F1854A-30F4-4B42-AA8E-F300597C5B86}.Release|Any CPU.Build.0 = Release|Any CPU
	EndGlobalSection
	GlobalSection(SolutionProperties) = preSolution
		HideSolutionNode = FALSE
	EndGlobalSection
	GlobalSection(ExtensibilityGlobals) = postSolution
		SolutionGuid = {46E4AF75-280C-44C0-AA33-783208E6642A}
	EndGlobalSection
EndGlobal
